<Solution>
  <Folder Name="/Apps/" />
  <Folder Name="/Apps/Medock/">
    <Project Path="Apps/Medock/Aloe.Apps.MedockClient/Aloe.Apps.MedockClient.csproj" Id="7d5ba91c-0439-4df9-b489-c3a535862f29" />
    <Project Path="Apps/Medock/Aloe.Apps.MedockLib/Aloe.Apps.MedockLib.csproj" Id="768c101a-91a1-4886-9718-fb9499b3176d" />
    <Project Path="Apps/Medock/Aloe.Apps.MedockMcp/Aloe.Apps.MedockMcp.csproj" Id="aa3163ba-3110-4dc3-b5ef-e91e33fd268e" />
    <Project Path="Apps/Medock/Aloe.Apps.MedockSeed/Aloe.Apps.MedockSeed.csproj" />
    <Project Path="Apps/Medock/Aloe.Apps.MedockServer/Aloe.Apps.MedockServer.csproj" Id="e2e220b1-1a99-4d9f-9554-df136a9b60d6" />
  </Folder>
  <Folder Name="/Libs/">
    <Project Path="Libs/Aloe.Libs.CoreLib/Aloe.Libs.CoreLib.csproj" Id="d776e2db-0ebc-44ce-b8ae-76e44bd0cb2b" />
  </Folder>
  <Folder Name="/Tests/">
    <Project Path="Tests/Aloe.Apps.MedockServer.Tests/Aloe.Apps.MedockServer.Tests.csproj" Id="0b3e91c8-2bd7-48c6-8f64-9b363441b355" />
  </Folder>
</Solution>
