<Solution>
  <Folder Name="/Apps/" />
  <Folder Name="/Apps/EnvChecker/">
    <Project Path="Apps/EnvChecker/Aloe.Apps.EnvChecker/Aloe.Apps.EnvChecker.csproj" />
  </Folder>
  <Folder Name="/Apps/FileBridge/">
    <Project Path="Apps/FileBridge/Aloe.Apps.FileBridgeLib/Aloe.Apps.FileBridgeLib.csproj" />
    <Project Path="Apps/FileBridge/Aloe.Apps.FileBridge/Aloe.Apps.FileBridge.csproj" />
    <Project Path="Apps/FileBridge/Aloe.Apps.FileBridge.Dummy/Aloe.Apps.FileBridge.Dummy.csproj" />
  </Folder>
  <Folder Name="/Apps/Medock/">
    <Project Path="Apps/Medock/Aloe.Apps.MedockLib/Aloe.Apps.MedockLib.csproj" />
    <Project Path="Apps/Medock/Aloe.Apps.MedockServer/Aloe.Apps.MedockServer.csproj" />
    <Project Path="Apps/Medock/Aloe.Apps.MedockClient/Aloe.Apps.MedockClient.csproj" />
    <Project Path="Apps/Medock/Aloe.Apps.MedockSeed/Aloe.Apps.MedockSeed.csproj" />
    <Project Path="Apps/Medock/Aloe.Apps.MedockMcp/Aloe.Apps.MedockMcp.csproj" />
    <Project Path="Apps/Medock/Aloe.Apps.MedockServer.Tests/Aloe.Apps.MedockServer.Tests.csproj" />
  </Folder>
  <Folder Name="/Apps/ExcelReport/">
    <Project Path="Apps/ExcelReport/Aloe.Apps.ExcelReportCli/Aloe.Apps.ExcelReportCli.csproj" />
    <Project Path="Apps/ExcelReport/Aloe.Apps.ExcelReportApi/Aloe.Apps.ExcelReportApi.csproj" Id="290e72c7-5686-4057-9e8f-33c0ab60f9b8" />
    <Project Path="Apps/ExcelReport/Aloe.Apps.ExcelReportLib.Contracts/Aloe.Apps.ExcelReportLib.Contracts.csproj" />
    <Project Path="Apps/ExcelReport/Aloe.Apps.ExcelReportLib/Aloe.Apps.ExcelReportLib.csproj" />
  </Folder>
  <Folder Name="/Apps/RazorReport/">
    <Project Path="Apps/RazorReport/Aloe.Apps.RazorReportLib/Aloe.Apps.RazorReportLib.csproj" />
    <Project Path="Apps/RazorReport/Aloe.Apps.RazorReportServer/Aloe.Apps.RazorReportServer.csproj" />
    <Project Path="Apps/RazorReport/Aloe.Apps.RazorReportClient/Aloe.Apps.RazorReportClient.csproj" />
  </Folder>
  <Folder Name="/Apps/ServiceMonitor/">
    <Project Path="Apps/WindowsServiceMonitor/Aloe.Apps.WindowsServiceMonitorLib/Aloe.Apps.WindowsServiceMonitorLib.csproj" />
    <Project Path="Apps/WindowsServiceMonitor/Aloe.Apps.WindowsServiceMonitorServer/Aloe.Apps.WindowsServiceMonitorServer.csproj" />
    <Project Path="Apps/WindowsServiceMonitor/Aloe.Apps.WindowsServiceMonitorClient/Aloe.Apps.WindowsServiceMonitorClient.csproj" />
    <Project Path="Apps/WindowsServiceMonitor/Aloe.Apps.DummyService/Aloe.Apps.DummyService.csproj" />
  </Folder>
  <Folder Name="/Apps/SyncBootBridge/">
    <Project Path="Apps/SyncBootBridge/Aloe.Apps.SyncBootBridgeLib/Aloe.Apps.SyncBootBridgeLib.csproj" Id="a73beae5-1d20-48eb-9c7b-15fb07de1624" />
    <Project Path="Apps/SyncBootBridge/Aloe.Apps.SyncBootBridge/Aloe.Apps.SyncBootBridge.csproj" Id="3d4de615-439c-4138-9586-66291f8a8d89" />
    <Project Path="Apps/SyncBootBridge/Aloe.Apps.DummyWpf/Aloe.Apps.DummyWpf.csproj" />
  </Folder>
  <Folder Name="/Libs/">
    <Project Path="Libs/Aloe.Libs.CoreLib/Aloe.Libs.CoreLib.csproj" />
  </Folder>
  <Folder Name="/Utils/" />
  <Folder Name="/Utils/CommandLine/">
    <Project Path="Utils/Aloe.Utils.CommandLine/Aloe.Utils.CommandLine.csproj" />
    <Project Path="Utils/Aloe.Utils.CommandLine.Tests/Aloe.Utils.CommandLine.Tests.csproj" />
    <Project Path="Utils/Aloe.Utils.CommandLine.Samples/Aloe.Utils.CommandLine.Samples.csproj" />
  </Folder>
  <Folder Name="/Utils/Configuration.Default/">
    <Project Path="Utils/Aloe.Utils.Configuration.Default/Aloe.Utils.Configuration.Default.csproj" />
    <Project Path="Utils/Aloe.Utils.Configuration.Default.Tests/Aloe.Utils.Configuration.Default.Tests.csproj" />
    <Project Path="Utils/Aloe.Utils.Configuration.Default.Samples/Aloe.Utils.Configuration.Default.Samples.csproj" />
  </Folder>
  <Folder Name="/Utils/Configuration.Json/">
    <Project Path="Utils/Aloe.Utils.Configuration.Json/Aloe.Utils.Configuration.Json.csproj" />
    <Project Path="Utils/Aloe.Utils.Configuration.Json.Tests/Aloe.Utils.Configuration.Json.Tests.csproj" />
    <Project Path="Utils/Aloe.Utils.Configuration.Json.Samples/Aloe.Utils.Configuration.Json.Samples.csproj" />
  </Folder>
  <Folder Name="/Utils/Drawing/">
    <Project Path="Utils/Aloe.Utils.Drawing/Aloe.Utils.Drawing.csproj" />
    <Project Path="Utils/Aloe.Utils.Drawing.Tests/Aloe.Utils.Drawing.Tests.csproj" />
    <Project Path="Utils/Aloe.Utils.Drawing.Samples/Aloe.Utils.Drawing.Samples.csproj" />
  </Folder>
  <Folder Name="/Utils/Drawing.Wpf/">
    <Project Path="Utils/Aloe.Utils.Drawing.Wpf/Aloe.Utils.Drawing.Wpf.csproj" />
    <Project Path="Utils/Aloe.Utils.Drawing.Wpf.Samples/Aloe.Utils.Drawing.Wpf.Samples.csproj" />
  </Folder>
  <Folder Name="/Utils/Json/">
    <Project Path="Utils/Aloe.Utils.Json/Aloe.Utils.Json.csproj" />
    <Project Path="Utils/Aloe.Utils.Json.Tests/Aloe.Utils.Json.Tests.csproj" />
    <Project Path="Utils/Aloe.Utils.Json.Samples/Aloe.Utils.Json.Samples.csproj" />
  </Folder>
  <Folder Name="/Utils/Logging.Dump/">
    <Project Path="Utils/Aloe.Utils.Logging.Dump/Aloe.Utils.Logging.Dump.csproj" />
    <Project Path="Utils/Aloe.Utils.Logging.Dump.Samples/Aloe.Utils.Logging.Dump.Samples.csproj" />
  </Folder>
  <Folder Name="/Utils/SafeIO/">
    <Project Path="Utils/Aloe.Utils.SafeIO/Aloe.Utils.SafeIO.csproj" />
    <Project Path="Utils/Aloe.Utils.SafeIO.Tests/Aloe.Utils.SafeIO.Tests.csproj" />
  </Folder>
  <Folder Name="/Utils/Text/">
    <Project Path="Utils/Aloe.Utils.Text/Aloe.Utils.Text.csproj" />
    <Project Path="Utils/Aloe.Utils.Text.Tests/Aloe.Utils.Text.Tests.csproj" />
  </Folder>
  <Folder Name="/Utils/Wafu.Date/">
    <Project Path="Utils/Aloe.Utils.Wafu.Date/Aloe.Utils.Wafu.Date.csproj" />
    <Project Path="Utils/Aloe.Utils.Wafu.Date.Tests/Aloe.Utils.Wafu.Date.Tests.csproj" />
  </Folder>
  <Folder Name="/Utils/Wafu.JisCompat/">
    <Project Path="Utils/Aloe.Utils.Wafu.JisCompat/Aloe.Utils.Wafu.JisCompat.csproj" />
    <Project Path="Utils/Aloe.Utils.Wafu.JisCompat.Tests/Aloe.Utils.Wafu.JisCompat.Tests.csproj" />
  </Folder>
  <Folder Name="/Utils/Wafu.Kansuji/">
    <Project Path="Utils/Aloe.Utils.Wafu.Kansuji/Aloe.Utils.Wafu.Kansuji.csproj" />
    <Project Path="Utils/Aloe.Utils.Wafu.Kansuji.Tests/Aloe.Utils.Wafu.Kansuji.Tests.csproj" />
  </Folder>
  <Folder Name="/Utils/Wafu.Romaji/">
    <Project Path="Utils/Aloe.Utils.Wafu.Romaji/Aloe.Utils.Wafu.Romaji.csproj" />
    <Project Path="Utils/Aloe.Utils.Wafu.Romaji.Tests/Aloe.Utils.Wafu.Romaji.Tests.csproj" />
  </Folder>
  <Folder Name="/Utils/Win32.ScCommand/">
    <Project Path="Utils/Aloe.Utils.Win32.ScCommand/Aloe.Utils.Win32.ScCommand.csproj" />
    <Project Path="Utils/Aloe.Utils.Win32.ScCommand.DummyService/Aloe.Utils.Win32.ScCommand.DummyService.csproj" />
    <Project Path="Utils/Aloe.Utils.Win32.ScCommand.Samples/Aloe.Utils.Win32.ScCommand.Samples.csproj" />
  </Folder>
</Solution>
