
Microsoft Visual Studio Solution File, Format Version 12.00
# Visual Studio Version 17
VisualStudioVersion = 17.11.35327.3
MinimumVisualStudioVersion = 10.0.40219.1
Project("{2150E333-8FDC-42A3-9474-1A3956D46DE8}") = "App", "App", "{684A249D-3454-4CC7-995D-67EC20B840B4}"
EndProject
Project("{2150E333-8FDC-42A3-9474-1A3956D46DE8}") = "Api", "Api", "{01070346-B44C-4143-B920-C75F74EFC9A5}"
EndProject
Project("{2150E333-8FDC-42A3-9474-1A3956D46DE8}") = "Lib", "Lib", "{B3319CC6-D78C-4260-9FE6-F926A394456A}"
EndProject
Project("{FAE04EC0-301F-11D3-BF4B-00C04F79EFBC}") = "ReservationServer", "Api\ReservationServer\ReservationServer.csproj", "{E65CC674-912F-41A2-A4C3-74C82A9B16EA}"
EndProject
Project("{C7167F0D-BC9F-4E6E-AFE1-012C56B48DB5}") = "ReservationApp (Package)", "App\ReservationApp\ReservationApp (Package)\ReservationApp (Package).wapproj", "{CEEDEE0A-D537-4243-BD14-EF5C6A103145}"
EndProject
Project("{FAE04EC0-301F-11D3-BF4B-00C04F79EFBC}") = "ReservationApp", "App\ReservationApp\ReservationApp\ReservationApp.csproj", "{B284B6D0-C20B-4E01-B0E3-BA3B55EDA02D}"
EndProject
Project("{FAE04EC0-301F-11D3-BF4B-00C04F79EFBC}") = "ReservationLib", "Lib\ReservationLib\ReservationLib.csproj", "{2FCCFB77-D0AB-42C5-B2CF-DBB4F5C379CB}"
EndProject
Project("{9A19103F-16F7-4668-BE54-9A1E7A4F7556}") = "CoreLib", "Lib\CoreLib\CoreLib.csproj", "{13005E82-DB0D-40D6-9F9A-6CA62C3AE03D}"
EndProject
Global
	GlobalSection(SolutionConfigurationPlatforms) = preSolution
		Debug|Any CPU = Debug|Any CPU
		Debug|ARM64 = Debug|ARM64
		Debug|x64 = Debug|x64
		Debug|x86 = Debug|x86
		Release|Any CPU = Release|Any CPU
		Release|ARM64 = Release|ARM64
		Release|x64 = Release|x64
		Release|x86 = Release|x86
	EndGlobalSection
	GlobalSection(ProjectConfigurationPlatforms) = postSolution
		{E65CC674-912F-41A2-A4C3-74C82A9B16EA}.Debug|Any CPU.ActiveCfg = Debug|Any CPU
		{E65CC674-912F-41A2-A4C3-74C82A9B16EA}.Debug|Any CPU.Build.0 = Debug|Any CPU
		{E65CC674-912F-41A2-A4C3-74C82A9B16EA}.Debug|ARM64.ActiveCfg = Debug|Any CPU
		{E65CC674-912F-41A2-A4C3-74C82A9B16EA}.Debug|ARM64.Build.0 = Debug|Any CPU
		{E65CC674-912F-41A2-A4C3-74C82A9B16EA}.Debug|x64.ActiveCfg = Debug|Any CPU
		{E65CC674-912F-41A2-A4C3-74C82A9B16EA}.Debug|x64.Build.0 = Debug|Any CPU
		{E65CC674-912F-41A2-A4C3-74C82A9B16EA}.Debug|x86.ActiveCfg = Debug|Any CPU
		{E65CC674-912F-41A2-A4C3-74C82A9B16EA}.Debug|x86.Build.0 = Debug|Any CPU
		{E65CC674-912F-41A2-A4C3-74C82A9B16EA}.Release|Any CPU.ActiveCfg = Release|Any CPU
		{E65CC674-912F-41A2-A4C3-74C82A9B16EA}.Release|Any CPU.Build.0 = Release|Any CPU
		{E65CC674-912F-41A2-A4C3-74C82A9B16EA}.Release|ARM64.ActiveCfg = Release|Any CPU
		{E65CC674-912F-41A2-A4C3-74C82A9B16EA}.Release|ARM64.Build.0 = Release|Any CPU
		{E65CC674-912F-41A2-A4C3-74C82A9B16EA}.Release|x64.ActiveCfg = Release|Any CPU
		{E65CC674-912F-41A2-A4C3-74C82A9B16EA}.Release|x64.Build.0 = Release|Any CPU
		{E65CC674-912F-41A2-A4C3-74C82A9B16EA}.Release|x86.ActiveCfg = Release|Any CPU
		{E65CC674-912F-41A2-A4C3-74C82A9B16EA}.Release|x86.Build.0 = Release|Any CPU
		{CEEDEE0A-D537-4243-BD14-EF5C6A103145}.Debug|Any CPU.ActiveCfg = Debug|x64
		{CEEDEE0A-D537-4243-BD14-EF5C6A103145}.Debug|Any CPU.Build.0 = Debug|x64
		{CEEDEE0A-D537-4243-BD14-EF5C6A103145}.Debug|Any CPU.Deploy.0 = Debug|x64
		{CEEDEE0A-D537-4243-BD14-EF5C6A103145}.Debug|ARM64.ActiveCfg = Debug|ARM64
		{CEEDEE0A-D537-4243-BD14-EF5C6A103145}.Debug|ARM64.Build.0 = Debug|ARM64
		{CEEDEE0A-D537-4243-BD14-EF5C6A103145}.Debug|ARM64.Deploy.0 = Debug|ARM64
		{CEEDEE0A-D537-4243-BD14-EF5C6A103145}.Debug|x64.ActiveCfg = Debug|x64
		{CEEDEE0A-D537-4243-BD14-EF5C6A103145}.Debug|x64.Build.0 = Debug|x64
		{CEEDEE0A-D537-4243-BD14-EF5C6A103145}.Debug|x64.Deploy.0 = Debug|x64
		{CEEDEE0A-D537-4243-BD14-EF5C6A103145}.Debug|x86.ActiveCfg = Debug|x86
		{CEEDEE0A-D537-4243-BD14-EF5C6A103145}.Debug|x86.Build.0 = Debug|x86
		{CEEDEE0A-D537-4243-BD14-EF5C6A103145}.Debug|x86.Deploy.0 = Debug|x86
		{CEEDEE0A-D537-4243-BD14-EF5C6A103145}.Release|Any CPU.ActiveCfg = Release|x64
		{CEEDEE0A-D537-4243-BD14-EF5C6A103145}.Release|Any CPU.Build.0 = Release|x64
		{CEEDEE0A-D537-4243-BD14-EF5C6A103145}.Release|Any CPU.Deploy.0 = Release|x64
		{CEEDEE0A-D537-4243-BD14-EF5C6A103145}.Release|ARM64.ActiveCfg = Release|ARM64
		{CEEDEE0A-D537-4243-BD14-EF5C6A103145}.Release|ARM64.Build.0 = Release|ARM64
		{CEEDEE0A-D537-4243-BD14-EF5C6A103145}.Release|ARM64.Deploy.0 = Release|ARM64
		{CEEDEE0A-D537-4243-BD14-EF5C6A103145}.Release|x64.ActiveCfg = Release|x64
		{CEEDEE0A-D537-4243-BD14-EF5C6A103145}.Release|x64.Build.0 = Release|x64
		{CEEDEE0A-D537-4243-BD14-EF5C6A103145}.Release|x64.Deploy.0 = Release|x64
		{CEEDEE0A-D537-4243-BD14-EF5C6A103145}.Release|x86.ActiveCfg = Release|x86
		{CEEDEE0A-D537-4243-BD14-EF5C6A103145}.Release|x86.Build.0 = Release|x86
		{CEEDEE0A-D537-4243-BD14-EF5C6A103145}.Release|x86.Deploy.0 = Release|x86
		{B284B6D0-C20B-4E01-B0E3-BA3B55EDA02D}.Debug|Any CPU.ActiveCfg = Debug|x64
		{B284B6D0-C20B-4E01-B0E3-BA3B55EDA02D}.Debug|Any CPU.Build.0 = Debug|x64
		{B284B6D0-C20B-4E01-B0E3-BA3B55EDA02D}.Debug|ARM64.ActiveCfg = Debug|ARM64
		{B284B6D0-C20B-4E01-B0E3-BA3B55EDA02D}.Debug|ARM64.Build.0 = Debug|ARM64
		{B284B6D0-C20B-4E01-B0E3-BA3B55EDA02D}.Debug|x64.ActiveCfg = Debug|x64
		{B284B6D0-C20B-4E01-B0E3-BA3B55EDA02D}.Debug|x64.Build.0 = Debug|x64
		{B284B6D0-C20B-4E01-B0E3-BA3B55EDA02D}.Debug|x86.ActiveCfg = Debug|x86
		{B284B6D0-C20B-4E01-B0E3-BA3B55EDA02D}.Debug|x86.Build.0 = Debug|x86
		{B284B6D0-C20B-4E01-B0E3-BA3B55EDA02D}.Release|Any CPU.ActiveCfg = Release|x64
		{B284B6D0-C20B-4E01-B0E3-BA3B55EDA02D}.Release|Any CPU.Build.0 = Release|x64
		{B284B6D0-C20B-4E01-B0E3-BA3B55EDA02D}.Release|ARM64.ActiveCfg = Release|ARM64
		{B284B6D0-C20B-4E01-B0E3-BA3B55EDA02D}.Release|ARM64.Build.0 = Release|ARM64
		{B284B6D0-C20B-4E01-B0E3-BA3B55EDA02D}.Release|x64.ActiveCfg = Release|x64
		{B284B6D0-C20B-4E01-B0E3-BA3B55EDA02D}.Release|x64.Build.0 = Release|x64
		{B284B6D0-C20B-4E01-B0E3-BA3B55EDA02D}.Release|x86.ActiveCfg = Release|x86
		{B284B6D0-C20B-4E01-B0E3-BA3B55EDA02D}.Release|x86.Build.0 = Release|x86
		{2FCCFB77-D0AB-42C5-B2CF-DBB4F5C379CB}.Debug|Any CPU.ActiveCfg = Debug|Any CPU
		{2FCCFB77-D0AB-42C5-B2CF-DBB4F5C379CB}.Debug|Any CPU.Build.0 = Debug|Any CPU
		{2FCCFB77-D0AB-42C5-B2CF-DBB4F5C379CB}.Debug|ARM64.ActiveCfg = Debug|Any CPU
		{2FCCFB77-D0AB-42C5-B2CF-DBB4F5C379CB}.Debug|ARM64.Build.0 = Debug|Any CPU
		{2FCCFB77-D0AB-42C5-B2CF-DBB4F5C379CB}.Debug|x64.ActiveCfg = Debug|Any CPU
		{2FCCFB77-D0AB-42C5-B2CF-DBB4F5C379CB}.Debug|x64.Build.0 = Debug|Any CPU
		{2FCCFB77-D0AB-42C5-B2CF-DBB4F5C379CB}.Debug|x86.ActiveCfg = Debug|Any CPU
		{2FCCFB77-D0AB-42C5-B2CF-DBB4F5C379CB}.Debug|x86.Build.0 = Debug|Any CPU
		{2FCCFB77-D0AB-42C5-B2CF-DBB4F5C379CB}.Release|Any CPU.ActiveCfg = Release|Any CPU
		{2FCCFB77-D0AB-42C5-B2CF-DBB4F5C379CB}.Release|Any CPU.Build.0 = Release|Any CPU
		{2FCCFB77-D0AB-42C5-B2CF-DBB4F5C379CB}.Release|ARM64.ActiveCfg = Release|Any CPU
		{2FCCFB77-D0AB-42C5-B2CF-DBB4F5C379CB}.Release|ARM64.Build.0 = Release|Any CPU
		{2FCCFB77-D0AB-42C5-B2CF-DBB4F5C379CB}.Release|x64.ActiveCfg = Release|Any CPU
		{2FCCFB77-D0AB-42C5-B2CF-DBB4F5C379CB}.Release|x64.Build.0 = Release|Any CPU
		{2FCCFB77-D0AB-42C5-B2CF-DBB4F5C379CB}.Release|x86.ActiveCfg = Release|Any CPU
		{2FCCFB77-D0AB-42C5-B2CF-DBB4F5C379CB}.Release|x86.Build.0 = Release|Any CPU
		{13005E82-DB0D-40D6-9F9A-6CA62C3AE03D}.Debug|Any CPU.ActiveCfg = Debug|Any CPU
		{13005E82-DB0D-40D6-9F9A-6CA62C3AE03D}.Debug|Any CPU.Build.0 = Debug|Any CPU
		{13005E82-DB0D-40D6-9F9A-6CA62C3AE03D}.Debug|ARM64.ActiveCfg = Debug|Any CPU
		{13005E82-DB0D-40D6-9F9A-6CA62C3AE03D}.Debug|ARM64.Build.0 = Debug|Any CPU
		{13005E82-DB0D-40D6-9F9A-6CA62C3AE03D}.Debug|x64.ActiveCfg = Debug|Any CPU
		{13005E82-DB0D-40D6-9F9A-6CA62C3AE03D}.Debug|x64.Build.0 = Debug|Any CPU
		{13005E82-DB0D-40D6-9F9A-6CA62C3AE03D}.Debug|x86.ActiveCfg = Debug|Any CPU
		{13005E82-DB0D-40D6-9F9A-6CA62C3AE03D}.Debug|x86.Build.0 = Debug|Any CPU
		{13005E82-DB0D-40D6-9F9A-6CA62C3AE03D}.Release|Any CPU.ActiveCfg = Release|Any CPU
		{13005E82-DB0D-40D6-9F9A-6CA62C3AE03D}.Release|Any CPU.Build.0 = Release|Any CPU
		{13005E82-DB0D-40D6-9F9A-6CA62C3AE03D}.Release|ARM64.ActiveCfg = Release|Any CPU
		{13005E82-DB0D-40D6-9F9A-6CA62C3AE03D}.Release|ARM64.Build.0 = Release|Any CPU
		{13005E82-DB0D-40D6-9F9A-6CA62C3AE03D}.Release|x64.ActiveCfg = Release|Any CPU
		{13005E82-DB0D-40D6-9F9A-6CA62C3AE03D}.Release|x64.Build.0 = Release|Any CPU
		{13005E82-DB0D-40D6-9F9A-6CA62C3AE03D}.Release|x86.ActiveCfg = Release|Any CPU
		{13005E82-DB0D-40D6-9F9A-6CA62C3AE03D}.Release|x86.Build.0 = Release|Any CPU
	EndGlobalSection
	GlobalSection(SolutionProperties) = preSolution
		HideSolutionNode = FALSE
	EndGlobalSection
	GlobalSection(NestedProjects) = preSolution
		{E65CC674-912F-41A2-A4C3-74C82A9B16EA} = {01070346-B44C-4143-B920-C75F74EFC9A5}
		{CEEDEE0A-D537-4243-BD14-EF5C6A103145} = {684A249D-3454-4CC7-995D-67EC20B840B4}
		{B284B6D0-C20B-4E01-B0E3-BA3B55EDA02D} = {684A249D-3454-4CC7-995D-67EC20B840B4}
		{2FCCFB77-D0AB-42C5-B2CF-DBB4F5C379CB} = {B3319CC6-D78C-4260-9FE6-F926A394456A}
		{13005E82-DB0D-40D6-9F9A-6CA62C3AE03D} = {B3319CC6-D78C-4260-9FE6-F926A394456A}
	EndGlobalSection
	GlobalSection(ExtensibilityGlobals) = postSolution
		SolutionGuid = {CC194314-5A14-4A77-A807-821BF3684105}
	EndGlobalSection
EndGlobal
